// !$*UTF8*$!
{
	archiveVersion = 1;
	classes = {
	};
	objectVersion = 52;
	objects = {

/* Begin PBXBuildFile section */
		8D064C1526197B0600D9DE0E /* ListView.swift in Sources */ = {isa = PBXBuildFile; fileRef = 8D064C1426197B0500D9DE0E /* ListView.swift */; };
		8D064C222619E7BE00D9DE0E /* MockFeedReaderLib in Frameworks */ = {isa = PBXBuildFile; productRef = 8D064C212619E7BE00D9DE0E /* MockFeedReaderLib */; };
		8D7986C0261963D90009C8DF /* FeedReaderApp.swift in Sources */ = {isa = PBXBuildFile; fileRef = 8D7986BF261963D90009C8DF /* FeedReaderApp.swift */; };
		8D7986C2261963D90009C8DF /* ContentView.swift in Sources */ = {isa = PBXBuildFile; fileRef = 8D7986C1261963D90009C8DF /* ContentView.swift */; };
		8D7986C4261963DA0009C8DF /* Assets.xcassets in Resources */ = {isa = PBXBuildFile; fileRef = 8D7986C3261963DA0009C8DF /* Assets.xcassets */; };
		8D7986C7261963DA0009C8DF /* Preview Assets.xcassets in Resources */ = {isa = PBXBuildFile; fileRef = 8D7986C6261963DA0009C8DF /* Preview Assets.xcassets */; };
		8D7986D62619646E0009C8DF /* DetailView.swift in Sources */ = {isa = PBXBuildFile; fileRef = 8D7986D22619646E0009C8DF /* DetailView.swift */; };
		8D7986EA26196A0D0009C8DF /* FeedReaderLib in Frameworks */ = {isa = PBXBuildFile; productRef = 8D7986E926196A0D0009C8DF /* FeedReaderLib */; };
/* End PBXBuildFile section */

/* Begin PBXFileReference section */
		8D064C1426197B0500D9DE0E /* ListView.swift */ = {isa = PBXFileReference; fileEncoding = 4; lastKnownFileType = sourcecode.swift; path = ListView.swift; sourceTree = "<group>"; };
		8D064C1F2619E69B00D9DE0E /* README.md */ = {isa = PBXFileReference; lastKnownFileType = net.daringfireball.markdown; path = README.md; sourceTree = "<group>"; };
		8D7986BC261963D90009C8DF /* FeedReader.app */ = {isa = PBXFileReference; explicitFileType = wrapper.application; includeInIndex = 0; path = FeedReader.app; sourceTree = BUILT_PRODUCTS_DIR; };
		8D7986BF261963D90009C8DF /* FeedReaderApp.swift */ = {isa = PBXFileReference; lastKnownFileType = sourcecode.swift; path = FeedReaderApp.swift; sourceTree = "<group>"; };
		8D7986C1261963D90009C8DF /* ContentView.swift */ = {isa = PBXFileReference; lastKnownFileType = sourcecode.swift; path = ContentView.swift; sourceTree = "<group>"; };
		8D7986C3261963DA0009C8DF /* Assets.xcassets */ = {isa = PBXFileReference; lastKnownFileType = folder.assetcatalog; path = Assets.xcassets; sourceTree = "<group>"; };
		8D7986C6261963DA0009C8DF /* Preview Assets.xcassets */ = {isa = PBXFileReference; lastKnownFileType = folder.assetcatalog; path = "Preview Assets.xcassets"; sourceTree = "<group>"; };
		8D7986C8261963DA0009C8DF /* Info.plist */ = {isa = PBXFileReference; lastKnownFileType = text.plist.xml; path = Info.plist; sourceTree = "<group>"; };
		8D7986D22619646E0009C8DF /* DetailView.swift */ = {isa = PBXFileReference; fileEncoding = 4; lastKnownFileType = sourcecode.swift; path = DetailView.swift; sourceTree = "<group>"; };
		8D7986DF2619661D0009C8DF /* macOS.entitlements */ = {isa = PBXFileReference; lastKnownFileType = text.plist.entitlements; path = macOS.entitlements; sourceTree = "<group>"; };
		8D7986E4261968390009C8DF /* FeedReaderLib */ = {isa = PBXFileReference; lastKnownFileType = folder; path = FeedReaderLib; sourceTree = "<group>"; };
/* End PBXFileReference section */

/* Begin PBXFrameworksBuildPhase section */
		8D7986B9261963D90009C8DF /* Frameworks */ = {
			isa = PBXFrameworksBuildPhase;
			buildActionMask = 2147483647;
			files = (
				8D7986EA26196A0D0009C8DF /* FeedReaderLib in Frameworks */,
				8D064C222619E7BE00D9DE0E /* MockFeedReaderLib in Frameworks */,
			);
			runOnlyForDeploymentPostprocessing = 0;
		};
/* End PBXFrameworksBuildPhase section */

/* Begin PBXGroup section */
		8D7986B3261963D90009C8DF = {
			isa = PBXGroup;
			children = (
				8D064C1F2619E69B00D9DE0E /* README.md */,
				8D7986E4261968390009C8DF /* FeedReaderLib */,
				8D7986BE261963D90009C8DF /* FeedReader */,
				8D7986BD261963D90009C8DF /* Products */,
				8D7986E826196A0D0009C8DF /* Frameworks */,
			);
			sourceTree = "<group>";
		};
		8D7986BD261963D90009C8DF /* Products */ = {
			isa = PBXGroup;
			children = (
				8D7986BC261963D90009C8DF /* FeedReader.app */,
			);
			name = Products;
			sourceTree = "<group>";
		};
		8D7986BE261963D90009C8DF /* FeedReader */ = {
			isa = PBXGroup;
			children = (
				8D7986BF261963D90009C8DF /* FeedReaderApp.swift */,
				8D7986C1261963D90009C8DF /* ContentView.swift */,
				8D064C1426197B0500D9DE0E /* ListView.swift */,
				8D7986D22619646E0009C8DF /* DetailView.swift */,
				8D7986C3261963DA0009C8DF /* Assets.xcassets */,
				8D7986C8261963DA0009C8DF /* Info.plist */,
				8D7986DF2619661D0009C8DF /* macOS.entitlements */,
				8D7986C5261963DA0009C8DF /* Preview Content */,
			);
			path = FeedReader;
			sourceTree = "<group>";
		};
		8D7986C5261963DA0009C8DF /* Preview Content */ = {
			isa = PBXGroup;
			children = (
				8D7986C6261963DA0009C8DF /* Preview Assets.xcassets */,
			);
			path = "Preview Content";
			sourceTree = "<group>";
		};
		8D7986E826196A0D0009C8DF /* Frameworks */ = {
			isa = PBXGroup;
			children = (
			);
			name = Frameworks;
			sourceTree = "<group>";
		};
/* End PBXGroup section */

/* Begin PBXNativeTarget section */
		8D7986BB261963D90009C8DF /* FeedReader */ = {
			isa = PBXNativeTarget;
			buildConfigurationList = 8D7986CB261963DA0009C8DF /* Build configuration list for PBXNativeTarget "FeedReader" */;
			buildPhases = (
				8D7986B8261963D90009C8DF /* Sources */,
				8D7986B9261963D90009C8DF /* Frameworks */,
				8D7986BA261963D90009C8DF /* Resources */,
			);
			buildRules = (
			);
			dependencies = (
			);
			name = FeedReader;
			packageProductDependencies = (
				8D7986E926196A0D0009C8DF /* FeedReaderLib */,
				8D064C212619E7BE00D9DE0E /* MockFeedReaderLib */,
			);
			productName = FeedReader;
			productReference = 8D7986BC261963D90009C8DF /* FeedReader.app */;
			productType = "com.apple.product-type.application";
		};
/* End PBXNativeTarget section */

/* Begin PBXProject section */
		8D7986B4261963D90009C8DF /* Project object */ = {
			isa = PBXProject;
			attributes = {
				LastSwiftUpdateCheck = 1240;
				LastUpgradeCheck = 1240;
				TargetAttributes = {
					8D7986BB261963D90009C8DF = {
						CreatedOnToolsVersion = 12.4;
					};
				};
			};
			buildConfigurationList = 8D7986B7261963D90009C8DF /* Build configuration list for PBXProject "FeedReader" */;
			compatibilityVersion = "Xcode 9.3";
			developmentRegion = en;
			hasScannedForEncodings = 0;
			knownRegions = (
				en,
				Base,
			);
			mainGroup = 8D7986B3261963D90009C8DF;
			productRefGroup = 8D7986BD261963D90009C8DF /* Products */;
			projectDirPath = "";
			projectRoot = "";
			targets = (
				8D7986BB261963D90009C8DF /* FeedReader */,
			);
		};
/* End PBXProject section */

/* Begin PBXResourcesBuildPhase section */
		8D7986BA261963D90009C8DF /* Resources */ = {
			isa = PBXResourcesBuildPhase;
			buildActionMask = 2147483647;
			files = (
				8D7986C7261963DA0009C8DF /* Preview Assets.xcassets in Resources */,
				8D7986C4261963DA0009C8DF /* Assets.xcassets in Resources */,
			);
			runOnlyForDeploymentPostprocessing = 0;
		};
/* End PBXResourcesBuildPhase section */

/* Begin PBXSourcesBuildPhase section */
		8D7986B8261963D90009C8DF /* Sources */ = {
			isa = PBXSourcesBuildPhase;
			buildActionMask = 2147483647;
			files = (
				8D7986D62619646E0009C8DF /* DetailView.swift in Sources */,
				8D064C1526197B0600D9DE0E /* ListView.swift in Sources */,
				8D7986C2261963D90009C8DF /* ContentView.swift in Sources */,
				8D7986C0261963D90009C8DF /* FeedReaderApp.swift in Sources */,
			);
			runOnlyForDeploymentPostprocessing = 0;
		};
/* End PBXSourcesBuildPhase section */

/* Begin XCBuildConfiguration section */
		8D7986C9261963DA0009C8DF /* Debug */ = {
			isa = XCBuildConfiguration;
			buildSettings = {
				ALWAYS_SEARCH_USER_PATHS = NO;
				CLANG_ANALYZER_NONNULL = YES;
				CLANG_ANALYZER_NUMBER_OBJECT_CONVERSION = YES_AGGRESSIVE;
				CLANG_CXX_LANGUAGE_STANDARD = "gnu++14";
				CLANG_CXX_LIBRARY = "libc++";
				CLANG_ENABLE_MODULES = YES;
				CLANG_ENABLE_OBJC_ARC = YES;
				CLANG_ENABLE_OBJC_WEAK = YES;
				CLANG_WARN_BLOCK_CAPTURE_AUTORELEASING = YES;
				CLANG_WARN_BOOL_CONVERSION = YES;
				CLANG_WARN_COMMA = YES;
				CLANG_WARN_CONSTANT_CONVERSION = YES;
				CLANG_WARN_DEPRECATED_OBJC_IMPLEMENTATIONS = YES;
				CLANG_WARN_DIRECT_OBJC_ISA_USAGE = YES_ERROR;
				CLANG_WARN_DOCUMENTATION_COMMENTS = YES;
				CLANG_WARN_EMPTY_BODY = YES;
				CLANG_WARN_ENUM_CONVERSION = YES;
				CLANG_WARN_INFINITE_RECURSION = YES;
				CLANG_WARN_INT_CONVERSION = YES;
				CLANG_WARN_NON_LITERAL_NULL_CONVERSION = YES;
				CLANG_WARN_OBJC_IMPLICIT_RETAIN_SELF = YES;
				CLANG_WARN_OBJC_LITERAL_CONVERSION = YES;
				CLANG_WARN_OBJC_ROOT_CLASS = YES_ERROR;
				CLANG_WARN_QUOTED_INCLUDE_IN_FRAMEWORK_HEADER = YES;
				CLANG_WARN_RANGE_LOOP_ANALYSIS = YES;
				CLANG_WARN_STRICT_PROTOTYPES = YES;
				CLANG_WARN_SUSPICIOUS_MOVE = YES;
				CLANG_WARN_UNGUARDED_AVAILABILITY = YES_AGGRESSIVE;
				CLANG_WARN_UNREACHABLE_CODE = YES;
				CLANG_WARN__DUPLICATE_METHOD_MATCH = YES;
				COPY_PHASE_STRIP = NO;
				DEBUG_INFORMATION_FORMAT = dwarf;
				ENABLE_STRICT_OBJC_MSGSEND = YES;
				ENABLE_TESTABILITY = YES;
				GCC_C_LANGUAGE_STANDARD = gnu11;
				GCC_DYNAMIC_NO_PIC = NO;
				GCC_NO_COMMON_BLOCKS = YES;
				GCC_OPTIMIZATION_LEVEL = 0;
				GCC_PREPROCESSOR_DEFINITIONS = (
					"DEBUG=1",
					"$(inherited)",
				);
				GCC_WARN_64_TO_32_BIT_CONVERSION = YES;
				GCC_WARN_ABOUT_RETURN_TYPE = YES_ERROR;
				GCC_WARN_UNDECLARED_SELECTOR = YES;
				GCC_WARN_UNINITIALIZED_AUTOS = YES_AGGRESSIVE;
				GCC_WARN_UNUSED_FUNCTION = YES;
				GCC_WARN_UNUSED_VARIABLE = YES;
				IPHONEOS_DEPLOYMENT_TARGET = 14.4;
				MTL_ENABLE_DEBUG_INFO = INCLUDE_SOURCE;
				MTL_FAST_MATH = YES;
				ONLY_ACTIVE_ARCH = YES;
				SDKROOT = iphoneos;
				SWIFT_ACTIVE_COMPILATION_CONDITIONS = DEBUG;
				SWIFT_OPTIMIZATION_LEVEL = "-Onone";
			};
			name = Debug;
		};
		8D7986CA261963DA0009C8DF /* Release */ = {
			isa = XCBuildConfiguration;
			buildSettings = {
				ALWAYS_SEARCH_USER_PATHS = NO;
				CLANG_ANALYZER_NONNULL = YES;
				CLANG_ANALYZER_NUMBER_OBJECT_CONVERSION = YES_AGGRESSIVE;
				CLANG_CXX_LANGUAGE_STANDARD = "gnu++14";
				CLANG_CXX_LIBRARY = "libc++";
				CLANG_ENABLE_MODULES = YES;
				CLANG_ENABLE_OBJC_ARC = YES;
				CLANG_ENABLE_OBJC_WEAK = YES;
				CLANG_WARN_BLOCK_CAPTURE_AUTORELEASING = YES;
				CLANG_WARN_BOOL_CONVERSION = YES;
				CLANG_WARN_COMMA = YES;
				CLANG_WARN_CONSTANT_CONVERSION = YES;
				CLANG_WARN_DEPRECATED_OBJC_IMPLEMENTATIONS = YES;
				CLANG_WARN_DIRECT_OBJC_ISA_USAGE = YES_ERROR;
				CLANG_WARN_DOCUMENTATION_COMMENTS = YES;
				CLANG_WARN_EMPTY_BODY = YES;
				CLANG_WARN_ENUM_CONVERSION = YES;
				CLANG_WARN_INFINITE_RECURSION = YES;
				CLANG_WARN_INT_CONVERSION = YES;
				CLANG_WARN_NON_LITERAL_NULL_CONVERSION = YES;
				CLANG_WARN_OBJC_IMPLICIT_RETAIN_SELF = YES;
				CLANG_WARN_OBJC_LITERAL_CONVERSION = YES;
				CLANG_WARN_OBJC_ROOT_CLASS = YES_ERROR;
				CLANG_WARN_QUOTED_INCLUDE_IN_FRAMEWORK_HEADER = YES;
				CLANG_WARN_RANGE_LOOP_ANALYSIS = YES;
				CLANG_WARN_STRICT_PROTOTYPES = YES;
				CLANG_WARN_SUSPICIOUS_MOVE = YES;
				CLANG_WARN_UNGUARDED_AVAILABILITY = YES_AGGRESSIVE;
				CLANG_WARN_UNREACHABLE_CODE = YES;
				CLANG_WARN__DUPLICATE_METHOD_MATCH = YES;
				COPY_PHASE_STRIP = NO;
				DEBUG_INFORMATION_FORMAT = "dwarf-with-dsym";
				ENABLE_NS_ASSERTIONS = NO;
				ENABLE_STRICT_OBJC_MSGSEND = YES;
				GCC_C_LANGUAGE_STANDARD = gnu11;
				GCC_NO_COMMON_BLOCKS = YES;
				GCC_WARN_64_TO_32_BIT_CONVERSION = YES;
				GCC_WARN_ABOUT_RETURN_TYPE = YES_ERROR;
				GCC_WARN_UNDECLARED_SELECTOR = YES;
				GCC_WARN_UNINITIALIZED_AUTOS = YES_AGGRESSIVE;
				GCC_WARN_UNUSED_FUNCTION = YES;
				GCC_WARN_UNUSED_VARIABLE = YES;
				IPHONEOS_DEPLOYMENT_TARGET = 14.4;
				MTL_ENABLE_DEBUG_INFO = NO;
				MTL_FAST_MATH = YES;
				SDKROOT = iphoneos;
				SWIFT_COMPILATION_MODE = wholemodule;
				SWIFT_OPTIMIZATION_LEVEL = "-O";
				VALIDATE_PRODUCT = YES;
			};
			name = Release;
		};
		8D7986CC261963DA0009C8DF /* Debug */ = {
			isa = XCBuildConfiguration;
			buildSettings = {
				ASSETCATALOG_COMPILER_APPICON_NAME = AppIcon;
				ASSETCATALOG_COMPILER_GLOBAL_ACCENT_COLOR_NAME = AccentColor;
				CODE_SIGN_ENTITLEMENTS = FeedReader/macOS.entitlements;
				CODE_SIGN_STYLE = Automatic;
				DEVELOPMENT_ASSET_PATHS = "\"FeedReader/Preview Content\"";
				DEVELOPMENT_TEAM = L94QTT73WH;
				ENABLE_PREVIEWS = YES;
				INFOPLIST_FILE = FeedReader/Info.plist;
				IPHONEOS_DEPLOYMENT_TARGET = 14.0;
				LD_RUNPATH_SEARCH_PATHS = (
					"$(inherited)",
					"@executable_path/Frameworks",
				);
				PRODUCT_BUNDLE_IDENTIFIER = dev.utrpanic.FeedReader;
				PRODUCT_NAME = "$(TARGET_NAME)";
				SUPPORTS_MACCATALYST = YES;
				SWIFT_VERSION = 5.0;
				TARGETED_DEVICE_FAMILY = "1,2";
			};
			name = Debug;
		};
		8D7986CD261963DA0009C8DF /* Release */ = {
			isa = XCBuildConfiguration;
			buildSettings = {
				ASSETCATALOG_COMPILER_APPICON_NAME = AppIcon;
				ASSETCATALOG_COMPILER_GLOBAL_ACCENT_COLOR_NAME = AccentColor;
				CODE_SIGN_ENTITLEMENTS = FeedReader/macOS.entitlements;
				CODE_SIGN_STYLE = Automatic;
				DEVELOPMENT_ASSET_PATHS = "\"FeedReader/Preview Content\"";
				DEVELOPMENT_TEAM = L94QTT73WH;
				ENABLE_PREVIEWS = YES;
				INFOPLIST_FILE = FeedReader/Info.plist;
				IPHONEOS_DEPLOYMENT_TARGET = 14.0;
				LD_RUNPATH_SEARCH_PATHS = (
					"$(inherited)",
					"@executable_path/Frameworks",
				);
				PRODUCT_BUNDLE_IDENTIFIER = dev.utrpanic.FeedReader;
				PRODUCT_NAME = "$(TARGET_NAME)";
				SUPPORTS_MACCATALYST = YES;
				SWIFT_VERSION = 5.0;
				TARGETED_DEVICE_FAMILY = "1,2";
			};
			name = Release;
		};
/* End XCBuildConfiguration section */

/* Begin XCConfigurationList section */
		8D7986B7261963D90009C8DF /* Build configuration list for PBXProject "FeedReader" */ = {
			isa = XCConfigurationList;
			buildConfigurations = (
				8D7986C9261963DA0009C8DF /* Debug */,
				8D7986CA261963DA0009C8DF /* Release */,
			);
			defaultConfigurationIsVisible = 0;
			defaultConfigurationName = Release;
		};
		8D7986CB261963DA0009C8DF /* Build configuration list for PBXNativeTarget "FeedReader" */ = {
			isa = XCConfigurationList;
			buildConfigurations = (
				8D7986CC261963DA0009C8DF /* Debug */,
				8D7986CD261963DA0009C8DF /* Release */,
			);
			defaultConfigurationIsVisible = 0;
			defaultConfigurationName = Release;
		};
/* End XCConfigurationList section */

/* Begin XCSwiftPackageProductDependency section */
		8D064C212619E7BE00D9DE0E /* MockFeedReaderLib */ = {
			isa = XCSwiftPackageProductDependency;
			productName = MockFeedReaderLib;
		};
		8D7986E926196A0D0009C8DF /* FeedReaderLib */ = {
			isa = XCSwiftPackageProductDependency;
			productName = FeedReaderLib;
		};
/* End XCSwiftPackageProductDependency section */
	};
	rootObject = 8D7986B4261963D90009C8DF /* Project object */;
}
