// !$*UTF8*$!
{
	archiveVersion = 1;
	classes = {
	};
	objectVersion = 55;
	objects = {

/* Begin PBXBuildFile section */
		38CABCBA282C9D410059BD72 /* AppDelegate.swift in Sources */ = {isa = PBXBuildFile; fileRef = 38CABCB9282C9D410059BD72 /* AppDelegate.swift */; };
		38CABCBC282C9D410059BD72 /* SceneDelegate.swift in Sources */ = {isa = PBXBuildFile; fileRef = 38CABCBB282C9D410059BD72 /* SceneDelegate.swift */; };
		38CABCBE282C9D410059BD72 /* MainViewController.swift in Sources */ = {isa = PBXBuildFile; fileRef = 38CABCBD282C9D410059BD72 /* MainViewController.swift */; };
		38CABCC1282C9D410059BD72 /* Main.storyboard in Resources */ = {isa = PBXBuildFile; fileRef = 38CABCBF282C9D410059BD72 /* Main.storyboard */; };
		38CABCC3282C9D420059BD72 /* Assets.xcassets in Resources */ = {isa = PBXBuildFile; fileRef = 38CABCC2282C9D420059BD72 /* Assets.xcassets */; };
		38CABCC6282C9D420059BD72 /* LaunchScreen.storyboard in Resources */ = {isa = PBXBuildFile; fileRef = 38CABCC4282C9D420059BD72 /* LaunchScreen.storyboard */; };
		38CABCCF282C9D900059BD72 /* TinyConstraints in Frameworks */ = {isa = PBXBuildFile; productRef = 38CABCCE282C9D900059BD72 /* TinyConstraints */; };
		38CABCD1282C9E900059BD72 /* UIKit+Extension.swift in Sources */ = {isa = PBXBuildFile; fileRef = 38CABCD0282C9E900059BD72 /* UIKit+Extension.swift */; };
		38CABCD4282CA0BA0059BD72 /* TableViewController.swift in Sources */ = {isa = PBXBuildFile; fileRef = 38CABCD3282CA0BA0059BD72 /* TableViewController.swift */; };
		38D624E6282CA7E0000DBFCB /* CollectionViewController.swift in Sources */ = {isa = PBXBuildFile; fileRef = 38D624E5282CA7E0000DBFCB /* CollectionViewController.swift */; };
/* End PBXBuildFile section */

/* Begin PBXFileReference section */
		38CABCB6282C9D410059BD72 /* ListSample.app */ = {isa = PBXFileReference; explicitFileType = wrapper.application; includeInIndex = 0; path = ListSample.app; sourceTree = BUILT_PRODUCTS_DIR; };
		38CABCB9282C9D410059BD72 /* AppDelegate.swift */ = {isa = PBXFileReference; lastKnownFileType = sourcecode.swift; path = AppDelegate.swift; sourceTree = "<group>"; };
		38CABCBB282C9D410059BD72 /* SceneDelegate.swift */ = {isa = PBXFileReference; lastKnownFileType = sourcecode.swift; path = SceneDelegate.swift; sourceTree = "<group>"; };
		38CABCBD282C9D410059BD72 /* MainViewController.swift */ = {isa = PBXFileReference; lastKnownFileType = sourcecode.swift; path = MainViewController.swift; sourceTree = "<group>"; };
		38CABCC0282C9D410059BD72 /* Base */ = {isa = PBXFileReference; lastKnownFileType = file.storyboard; name = Base; path = Base.lproj/Main.storyboard; sourceTree = "<group>"; };
		38CABCC2282C9D420059BD72 /* Assets.xcassets */ = {isa = PBXFileReference; lastKnownFileType = folder.assetcatalog; path = Assets.xcassets; sourceTree = "<group>"; };
		38CABCC5282C9D420059BD72 /* Base */ = {isa = PBXFileReference; lastKnownFileType = file.storyboard; name = Base; path = Base.lproj/LaunchScreen.storyboard; sourceTree = "<group>"; };
		38CABCC7282C9D420059BD72 /* Info.plist */ = {isa = PBXFileReference; lastKnownFileType = text.plist.xml; path = Info.plist; sourceTree = "<group>"; };
		38CABCD0282C9E900059BD72 /* UIKit+Extension.swift */ = {isa = PBXFileReference; lastKnownFileType = sourcecode.swift; path = "UIKit+Extension.swift"; sourceTree = "<group>"; };
		38CABCD3282CA0BA0059BD72 /* TableViewController.swift */ = {isa = PBXFileReference; lastKnownFileType = sourcecode.swift; path = TableViewController.swift; sourceTree = "<group>"; };
		38D624E5282CA7E0000DBFCB /* CollectionViewController.swift */ = {isa = PBXFileReference; lastKnownFileType = sourcecode.swift; path = CollectionViewController.swift; sourceTree = "<group>"; };
/* End PBXFileReference section */

/* Begin PBXFrameworksBuildPhase section */
		38CABCB3282C9D410059BD72 /* Frameworks */ = {
			isa = PBXFrameworksBuildPhase;
			buildActionMask = 2147483647;
			files = (
				38CABCCF282C9D900059BD72 /* TinyConstraints in Frameworks */,
			);
			runOnlyForDeploymentPostprocessing = 0;
		};
/* End PBXFrameworksBuildPhase section */

/* Begin PBXGroup section */
		38CABCAD282C9D410059BD72 = {
			isa = PBXGroup;
			children = (
				38CABCB8282C9D410059BD72 /* ListSample */,
				38CABCB7282C9D410059BD72 /* Products */,
			);
			sourceTree = "<group>";
		};
		38CABCB7282C9D410059BD72 /* Products */ = {
			isa = PBXGroup;
			children = (
				38CABCB6282C9D410059BD72 /* ListSample.app */,
			);
			name = Products;
			sourceTree = "<group>";
		};
		38CABCB8282C9D410059BD72 /* ListSample */ = {
			isa = PBXGroup;
			children = (
				38CABCB9282C9D410059BD72 /* AppDelegate.swift */,
				38CABCBB282C9D410059BD72 /* SceneDelegate.swift */,
				38CABCD0282C9E900059BD72 /* UIKit+Extension.swift */,
				38CABCBD282C9D410059BD72 /* MainViewController.swift */,
				38CABCD3282CA0BA0059BD72 /* TableViewController.swift */,
				38D624E5282CA7E0000DBFCB /* CollectionViewController.swift */,
				38CABCBF282C9D410059BD72 /* Main.storyboard */,
				38CABCC2282C9D420059BD72 /* Assets.xcassets */,
				38CABCC4282C9D420059BD72 /* LaunchScreen.storyboard */,
				38CABCC7282C9D420059BD72 /* Info.plist */,
			);
			path = ListSample;
			sourceTree = "<group>";
		};
/* End PBXGroup section */

/* Begin PBXNativeTarget section */
		38CABCB5282C9D410059BD72 /* ListSample */ = {
			isa = PBXNativeTarget;
			buildConfigurationList = 38CABCCA282C9D420059BD72 /* Build configuration list for PBXNativeTarget "ListSample" */;
			buildPhases = (
				38CABCB2282C9D410059BD72 /* Sources */,
				38CABCB3282C9D410059BD72 /* Frameworks */,
				38CABCB4282C9D410059BD72 /* Resources */,
			);
			buildRules = (
			);
			dependencies = (
			);
			name = ListSample;
			packageProductDependencies = (
				38CABCCE282C9D900059BD72 /* TinyConstraints */,
			);
			productName = ListSample;
			productReference = 38CABCB6282C9D410059BD72 /* ListSample.app */;
			productType = "com.apple.product-type.application";
		};
/* End PBXNativeTarget section */

/* Begin PBXProject section */
		38CABCAE282C9D410059BD72 /* Project object */ = {
			isa = PBXProject;
			attributes = {
				BuildIndependentTargetsInParallel = 1;
				LastSwiftUpdateCheck = 1330;
				LastUpgradeCheck = 1330;
				TargetAttributes = {
					38CABCB5282C9D410059BD72 = {
						CreatedOnToolsVersion = 13.3.1;
					};
				};
			};
			buildConfigurationList = 38CABCB1282C9D410059BD72 /* Build configuration list for PBXProject "ListSample" */;
			compatibilityVersion = "Xcode 13.0";
			developmentRegion = en;
			hasScannedForEncodings = 0;
			knownRegions = (
				en,
				Base,
			);
			mainGroup = 38CABCAD282C9D410059BD72;
			packageReferences = (
				38CABCCD282C9D900059BD72 /* XCRemoteSwiftPackageReference "TinyConstraints" */,
			);
			productRefGroup = 38CABCB7282C9D410059BD72 /* Products */;
			projectDirPath = "";
			projectRoot = "";
			targets = (
				38CABCB5282C9D410059BD72 /* ListSample */,
			);
		};
/* End PBXProject section */

/* Begin PBXResourcesBuildPhase section */
		38CABCB4282C9D410059BD72 /* Resources */ = {
			isa = PBXResourcesBuildPhase;
			buildActionMask = 2147483647;
			files = (
				38CABCC6282C9D420059BD72 /* LaunchScreen.storyboard in Resources */,
				38CABCC3282C9D420059BD72 /* Assets.xcassets in Resources */,
				38CABCC1282C9D410059BD72 /* Main.storyboard in Resources */,
			);
			runOnlyForDeploymentPostprocessing = 0;
		};
/* End PBXResourcesBuildPhase section */

/* Begin PBXSourcesBuildPhase section */
		38CABCB2282C9D410059BD72 /* Sources */ = {
			isa = PBXSourcesBuildPhase;
			buildActionMask = 2147483647;
			files = (
				38D624E6282CA7E0000DBFCB /* CollectionViewController.swift in Sources */,
				38CABCBE282C9D410059BD72 /* MainViewController.swift in Sources */,
				38CABCBA282C9D410059BD72 /* AppDelegate.swift in Sources */,
				38CABCD1282C9E900059BD72 /* UIKit+Extension.swift in Sources */,
				38CABCD4282CA0BA0059BD72 /* TableViewController.swift in Sources */,
				38CABCBC282C9D410059BD72 /* SceneDelegate.swift in Sources */,
			);
			runOnlyForDeploymentPostprocessing = 0;
		};
/* End PBXSourcesBuildPhase section */

/* Begin PBXVariantGroup section */
		38CABCBF282C9D410059BD72 /* Main.storyboard */ = {
			isa = PBXVariantGroup;
			children = (
				38CABCC0282C9D410059BD72 /* Base */,
			);
			name = Main.storyboard;
			sourceTree = "<group>";
		};
		38CABCC4282C9D420059BD72 /* LaunchScreen.storyboard */ = {
			isa = PBXVariantGroup;
			children = (
				38CABCC5282C9D420059BD72 /* Base */,
			);
			name = LaunchScreen.storyboard;
			sourceTree = "<group>";
		};
/* End PBXVariantGroup section */

/* Begin XCBuildConfiguration section */
		38CABCC8282C9D420059BD72 /* Debug */ = {
			isa = XCBuildConfiguration;
			buildSettings = {
				ALWAYS_SEARCH_USER_PATHS = NO;
				CLANG_ANALYZER_NONNULL = YES;
				CLANG_ANALYZER_NUMBER_OBJECT_CONVERSION = YES_AGGRESSIVE;
				CLANG_CXX_LANGUAGE_STANDARD = "gnu++17";
				CLANG_ENABLE_MODULES = YES;
				CLANG_ENABLE_OBJC_ARC = YES;
				CLANG_ENABLE_OBJC_WEAK = YES;
				CLANG_WARN_BLOCK_CAPTURE_AUTORELEASING = YES;
				CLANG_WARN_BOOL_CONVERSION = YES;
				CLANG_WARN_COMMA = YES;
				CLANG_WARN_CONSTANT_CONVERSION = YES;
				CLANG_WARN_DEPRECATED_OBJC_IMPLEMENTATIONS = YES;
				CLANG_WARN_DIRECT_OBJC_ISA_USAGE = YES_ERROR;
				CLANG_WARN_DOCUMENTATION_COMMENTS = YES;
				CLANG_WARN_EMPTY_BODY = YES;
				CLANG_WARN_ENUM_CONVERSION = YES;
				CLANG_WARN_INFINITE_RECURSION = YES;
				CLANG_WARN_INT_CONVERSION = YES;
				CLANG_WARN_NON_LITERAL_NULL_CONVERSION = YES;
				CLANG_WARN_OBJC_IMPLICIT_RETAIN_SELF = YES;
				CLANG_WARN_OBJC_LITERAL_CONVERSION = YES;
				CLANG_WARN_OBJC_ROOT_CLASS = YES_ERROR;
				CLANG_WARN_QUOTED_INCLUDE_IN_FRAMEWORK_HEADER = YES;
				CLANG_WARN_RANGE_LOOP_ANALYSIS = YES;
				CLANG_WARN_STRICT_PROTOTYPES = YES;
				CLANG_WARN_SUSPICIOUS_MOVE = YES;
				CLANG_WARN_UNGUARDED_AVAILABILITY = YES_AGGRESSIVE;
				CLANG_WARN_UNREACHABLE_CODE = YES;
				CLANG_WARN__DUPLICATE_METHOD_MATCH = YES;
				COPY_PHASE_STRIP = NO;
				DEBUG_INFORMATION_FORMAT = dwarf;
				ENABLE_STRICT_OBJC_MSGSEND = YES;
				ENABLE_TESTABILITY = YES;
				GCC_C_LANGUAGE_STANDARD = gnu11;
				GCC_DYNAMIC_NO_PIC = NO;
				GCC_NO_COMMON_BLOCKS = YES;
				GCC_OPTIMIZATION_LEVEL = 0;
				GCC_PREPROCESSOR_DEFINITIONS = (
					"DEBUG=1",
					"$(inherited)",
				);
				GCC_WARN_64_TO_32_BIT_CONVERSION = YES;
				GCC_WARN_ABOUT_RETURN_TYPE = YES_ERROR;
				GCC_WARN_UNDECLARED_SELECTOR = YES;
				GCC_WARN_UNINITIALIZED_AUTOS = YES_AGGRESSIVE;
				GCC_WARN_UNUSED_FUNCTION = YES;
				GCC_WARN_UNUSED_VARIABLE = YES;
				IPHONEOS_DEPLOYMENT_TARGET = 15.4;
				MTL_ENABLE_DEBUG_INFO = INCLUDE_SOURCE;
				MTL_FAST_MATH = YES;
				ONLY_ACTIVE_ARCH = YES;
				SDKROOT = iphoneos;
				SWIFT_ACTIVE_COMPILATION_CONDITIONS = DEBUG;
				SWIFT_OPTIMIZATION_LEVEL = "-Onone";
			};
			name = Debug;
		};
		38CABCC9282C9D420059BD72 /* Release */ = {
			isa = XCBuildConfiguration;
			buildSettings = {
				ALWAYS_SEARCH_USER_PATHS = NO;
				CLANG_ANALYZER_NONNULL = YES;
				CLANG_ANALYZER_NUMBER_OBJECT_CONVERSION = YES_AGGRESSIVE;
				CLANG_CXX_LANGUAGE_STANDARD = "gnu++17";
				CLANG_ENABLE_MODULES = YES;
				CLANG_ENABLE_OBJC_ARC = YES;
				CLANG_ENABLE_OBJC_WEAK = YES;
				CLANG_WARN_BLOCK_CAPTURE_AUTORELEASING = YES;
				CLANG_WARN_BOOL_CONVERSION = YES;
				CLANG_WARN_COMMA = YES;
				CLANG_WARN_CONSTANT_CONVERSION = YES;
				CLANG_WARN_DEPRECATED_OBJC_IMPLEMENTATIONS = YES;
				CLANG_WARN_DIRECT_OBJC_ISA_USAGE = YES_ERROR;
				CLANG_WARN_DOCUMENTATION_COMMENTS = YES;
				CLANG_WARN_EMPTY_BODY = YES;
				CLANG_WARN_ENUM_CONVERSION = YES;
				CLANG_WARN_INFINITE_RECURSION = YES;
				CLANG_WARN_INT_CONVERSION = YES;
				CLANG_WARN_NON_LITERAL_NULL_CONVERSION = YES;
				CLANG_WARN_OBJC_IMPLICIT_RETAIN_SELF = YES;
				CLANG_WARN_OBJC_LITERAL_CONVERSION = YES;
				CLANG_WARN_OBJC_ROOT_CLASS = YES_ERROR;
				CLANG_WARN_QUOTED_INCLUDE_IN_FRAMEWORK_HEADER = YES;
				CLANG_WARN_RANGE_LOOP_ANALYSIS = YES;
				CLANG_WARN_STRICT_PROTOTYPES = YES;
				CLANG_WARN_SUSPICIOUS_MOVE = YES;
				CLANG_WARN_UNGUARDED_AVAILABILITY = YES_AGGRESSIVE;
				CLANG_WARN_UNREACHABLE_CODE = YES;
				CLANG_WARN__DUPLICATE_METHOD_MATCH = YES;
				COPY_PHASE_STRIP = NO;
				DEBUG_INFORMATION_FORMAT = "dwarf-with-dsym";
				ENABLE_NS_ASSERTIONS = NO;
				ENABLE_STRICT_OBJC_MSGSEND = YES;
				GCC_C_LANGUAGE_STANDARD = gnu11;
				GCC_NO_COMMON_BLOCKS = YES;
				GCC_WARN_64_TO_32_BIT_CONVERSION = YES;
				GCC_WARN_ABOUT_RETURN_TYPE = YES_ERROR;
				GCC_WARN_UNDECLARED_SELECTOR = YES;
				GCC_WARN_UNINITIALIZED_AUTOS = YES_AGGRESSIVE;
				GCC_WARN_UNUSED_FUNCTION = YES;
				GCC_WARN_UNUSED_VARIABLE = YES;
				IPHONEOS_DEPLOYMENT_TARGET = 15.4;
				MTL_ENABLE_DEBUG_INFO = NO;
				MTL_FAST_MATH = YES;
				SDKROOT = iphoneos;
				SWIFT_COMPILATION_MODE = wholemodule;
				SWIFT_OPTIMIZATION_LEVEL = "-O";
				VALIDATE_PRODUCT = YES;
			};
			name = Release;
		};
		38CABCCB282C9D420059BD72 /* Debug */ = {
			isa = XCBuildConfiguration;
			buildSettings = {
				ASSETCATALOG_COMPILER_APPICON_NAME = AppIcon;
				ASSETCATALOG_COMPILER_GLOBAL_ACCENT_COLOR_NAME = AccentColor;
				CODE_SIGN_STYLE = Automatic;
				CURRENT_PROJECT_VERSION = 1;
				GENERATE_INFOPLIST_FILE = YES;
				INFOPLIST_FILE = ListSample/Info.plist;
				INFOPLIST_KEY_UIApplicationSupportsIndirectInputEvents = YES;
				INFOPLIST_KEY_UILaunchStoryboardName = LaunchScreen;
				INFOPLIST_KEY_UIMainStoryboardFile = Main;
				INFOPLIST_KEY_UISupportedInterfaceOrientations_iPad = "UIInterfaceOrientationPortrait UIInterfaceOrientationPortraitUpsideDown UIInterfaceOrientationLandscapeLeft UIInterfaceOrientationLandscapeRight";
				INFOPLIST_KEY_UISupportedInterfaceOrientations_iPhone = "UIInterfaceOrientationPortrait UIInterfaceOrientationLandscapeLeft UIInterfaceOrientationLandscapeRight";
				LD_RUNPATH_SEARCH_PATHS = (
					"$(inherited)",
					"@executable_path/Frameworks",
				);
				MARKETING_VERSION = 1.0;
				PRODUCT_BUNDLE_IDENTIFIER = dev.utrpanic.ListSample;
				PRODUCT_NAME = "$(TARGET_NAME)";
				SWIFT_EMIT_LOC_STRINGS = YES;
				SWIFT_VERSION = 5.0;
				TARGETED_DEVICE_FAMILY = "1,2";
			};
			name = Debug;
		};
		38CABCCC282C9D420059BD72 /* Release */ = {
			isa = XCBuildConfiguration;
			buildSettings = {
				ASSETCATALOG_COMPILER_APPICON_NAME = AppIcon;
				ASSETCATALOG_COMPILER_GLOBAL_ACCENT_COLOR_NAME = AccentColor;
				CODE_SIGN_STYLE = Automatic;
				CURRENT_PROJECT_VERSION = 1;
				GENERATE_INFOPLIST_FILE = YES;
				INFOPLIST_FILE = ListSample/Info.plist;
				INFOPLIST_KEY_UIApplicationSupportsIndirectInputEvents = YES;
				INFOPLIST_KEY_UILaunchStoryboardName = LaunchScreen;
				INFOPLIST_KEY_UIMainStoryboardFile = Main;
				INFOPLIST_KEY_UISupportedInterfaceOrientations_iPad = "UIInterfaceOrientationPortrait UIInterfaceOrientationPortraitUpsideDown UIInterfaceOrientationLandscapeLeft UIInterfaceOrientationLandscapeRight";
				INFOPLIST_KEY_UISupportedInterfaceOrientations_iPhone = "UIInterfaceOrientationPortrait UIInterfaceOrientationLandscapeLeft UIInterfaceOrientationLandscapeRight";
				LD_RUNPATH_SEARCH_PATHS = (
					"$(inherited)",
					"@executable_path/Frameworks",
				);
				MARKETING_VERSION = 1.0;
				PRODUCT_BUNDLE_IDENTIFIER = dev.utrpanic.ListSample;
				PRODUCT_NAME = "$(TARGET_NAME)";
				SWIFT_EMIT_LOC_STRINGS = YES;
				SWIFT_VERSION = 5.0;
				TARGETED_DEVICE_FAMILY = "1,2";
			};
			name = Release;
		};
/* End XCBuildConfiguration section */

/* Begin XCConfigurationList section */
		38CABCB1282C9D410059BD72 /* Build configuration list for PBXProject "ListSample" */ = {
			isa = XCConfigurationList;
			buildConfigurations = (
				38CABCC8282C9D420059BD72 /* Debug */,
				38CABCC9282C9D420059BD72 /* Release */,
			);
			defaultConfigurationIsVisible = 0;
			defaultConfigurationName = Release;
		};
		38CABCCA282C9D420059BD72 /* Build configuration list for PBXNativeTarget "ListSample" */ = {
			isa = XCConfigurationList;
			buildConfigurations = (
				38CABCCB282C9D420059BD72 /* Debug */,
				38CABCCC282C9D420059BD72 /* Release */,
			);
			defaultConfigurationIsVisible = 0;
			defaultConfigurationName = Release;
		};
/* End XCConfigurationList section */

/* Begin XCRemoteSwiftPackageReference section */
		38CABCCD282C9D900059BD72 /* XCRemoteSwiftPackageReference "TinyConstraints" */ = {
			isa = XCRemoteSwiftPackageReference;
			repositoryURL = "https://github.com/roberthein/TinyConstraints";
			requirement = {
				kind = upToNextMajorVersion;
				minimumVersion = 4.0.0;
			};
		};
/* End XCRemoteSwiftPackageReference section */

/* Begin XCSwiftPackageProductDependency section */
		38CABCCE282C9D900059BD72 /* TinyConstraints */ = {
			isa = XCSwiftPackageProductDependency;
			package = 38CABCCD282C9D900059BD72 /* XCRemoteSwiftPackageReference "TinyConstraints" */;
			productName = TinyConstraints;
		};
/* End XCSwiftPackageProductDependency section */
	};
	rootObject = 38CABCAE282C9D410059BD72 /* Project object */;
}
