// !$*UTF8*$!
{
	archiveVersion = 1;
	classes = {
	};
	objectVersion = 50;
	objects = {

/* Begin PBXBuildFile section */
		6059663A243399E800D921EB /* astronauts.json in Resources */ = {isa = PBXBuildFile; fileRef = 60596638243399E800D921EB /* astronauts.json */; };
		6059663B243399E800D921EB /* missions.json in Resources */ = {isa = PBXBuildFile; fileRef = 60596639243399E800D921EB /* missions.json */; };
		6059663D24339A6200D921EB /* Astronaut.swift in Sources */ = {isa = PBXBuildFile; fileRef = 6059663C24339A6200D921EB /* Astronaut.swift */; };
		6059663F24339ABF00D921EB /* Bundle-Decodable.swift in Sources */ = {isa = PBXBuildFile; fileRef = 6059663E24339ABF00D921EB /* Bundle-Decodable.swift */; };
		6059664124339BCE00D921EB /* Mission.swift in Sources */ = {isa = PBXBuildFile; fileRef = 6059664024339BCE00D921EB /* Mission.swift */; };
		60D22225242B98CF0094DA1F /* AppDelegate.swift in Sources */ = {isa = PBXBuildFile; fileRef = 60D22224242B98CF0094DA1F /* AppDelegate.swift */; };
		60D22227242B98CF0094DA1F /* SceneDelegate.swift in Sources */ = {isa = PBXBuildFile; fileRef = 60D22226242B98CF0094DA1F /* SceneDelegate.swift */; };
		60D22229242B98CF0094DA1F /* ContentView.swift in Sources */ = {isa = PBXBuildFile; fileRef = 60D22228242B98CF0094DA1F /* ContentView.swift */; };
		60D2222B242B98D20094DA1F /* Assets.xcassets in Resources */ = {isa = PBXBuildFile; fileRef = 60D2222A242B98D20094DA1F /* Assets.xcassets */; };
		60D2222E242B98D20094DA1F /* Preview Assets.xcassets in Resources */ = {isa = PBXBuildFile; fileRef = 60D2222D242B98D20094DA1F /* Preview Assets.xcassets */; };
		60D22231242B98D20094DA1F /* LaunchScreen.storyboard in Resources */ = {isa = PBXBuildFile; fileRef = 60D2222F242B98D20094DA1F /* LaunchScreen.storyboard */; };
		8D144C9324F294820063C81D /* MissionView.swift in Sources */ = {isa = PBXBuildFile; fileRef = 8D144C9224F294820063C81D /* MissionView.swift */; };
		8D144C9524F29DC30063C81D /* AstronautView.swift in Sources */ = {isa = PBXBuildFile; fileRef = 8D144C9424F29DC30063C81D /* AstronautView.swift */; };
/* End PBXBuildFile section */

/* Begin PBXFileReference section */
		60596638243399E800D921EB /* astronauts.json */ = {isa = PBXFileReference; fileEncoding = 4; lastKnownFileType = text.json; path = astronauts.json; sourceTree = "<group>"; };
		60596639243399E800D921EB /* missions.json */ = {isa = PBXFileReference; fileEncoding = 4; lastKnownFileType = text.json; path = missions.json; sourceTree = "<group>"; };
		6059663C24339A6200D921EB /* Astronaut.swift */ = {isa = PBXFileReference; lastKnownFileType = sourcecode.swift; path = Astronaut.swift; sourceTree = "<group>"; };
		6059663E24339ABF00D921EB /* Bundle-Decodable.swift */ = {isa = PBXFileReference; lastKnownFileType = sourcecode.swift; path = "Bundle-Decodable.swift"; sourceTree = "<group>"; };
		6059664024339BCE00D921EB /* Mission.swift */ = {isa = PBXFileReference; lastKnownFileType = sourcecode.swift; path = Mission.swift; sourceTree = "<group>"; };
		60D22221242B98CF0094DA1F /* Moonshot.app */ = {isa = PBXFileReference; explicitFileType = wrapper.application; includeInIndex = 0; path = Moonshot.app; sourceTree = BUILT_PRODUCTS_DIR; };
		60D22224242B98CF0094DA1F /* AppDelegate.swift */ = {isa = PBXFileReference; lastKnownFileType = sourcecode.swift; path = AppDelegate.swift; sourceTree = "<group>"; };
		60D22226242B98CF0094DA1F /* SceneDelegate.swift */ = {isa = PBXFileReference; lastKnownFileType = sourcecode.swift; path = SceneDelegate.swift; sourceTree = "<group>"; };
		60D22228242B98CF0094DA1F /* ContentView.swift */ = {isa = PBXFileReference; lastKnownFileType = sourcecode.swift; path = ContentView.swift; sourceTree = "<group>"; };
		60D2222A242B98D20094DA1F /* Assets.xcassets */ = {isa = PBXFileReference; lastKnownFileType = folder.assetcatalog; path = Assets.xcassets; sourceTree = "<group>"; };
		60D2222D242B98D20094DA1F /* Preview Assets.xcassets */ = {isa = PBXFileReference; lastKnownFileType = folder.assetcatalog; path = "Preview Assets.xcassets"; sourceTree = "<group>"; };
		60D22230242B98D20094DA1F /* Base */ = {isa = PBXFileReference; lastKnownFileType = file.storyboard; name = Base; path = Base.lproj/LaunchScreen.storyboard; sourceTree = "<group>"; };
		60D22232242B98D20094DA1F /* Info.plist */ = {isa = PBXFileReference; lastKnownFileType = text.plist.xml; path = Info.plist; sourceTree = "<group>"; };
		8D144C9224F294820063C81D /* MissionView.swift */ = {isa = PBXFileReference; lastKnownFileType = sourcecode.swift; path = MissionView.swift; sourceTree = "<group>"; };
		8D144C9424F29DC30063C81D /* AstronautView.swift */ = {isa = PBXFileReference; lastKnownFileType = sourcecode.swift; path = AstronautView.swift; sourceTree = "<group>"; };
/* End PBXFileReference section */

/* Begin PBXFrameworksBuildPhase section */
		60D2221E242B98CF0094DA1F /* Frameworks */ = {
			isa = PBXFrameworksBuildPhase;
			buildActionMask = 2147483647;
			files = (
			);
			runOnlyForDeploymentPostprocessing = 0;
		};
/* End PBXFrameworksBuildPhase section */

/* Begin PBXGroup section */
		60D22218242B98CF0094DA1F = {
			isa = PBXGroup;
			children = (
				60D22223242B98CF0094DA1F /* Moonshot */,
				60D22222242B98CF0094DA1F /* Products */,
			);
			sourceTree = "<group>";
		};
		60D22222242B98CF0094DA1F /* Products */ = {
			isa = PBXGroup;
			children = (
				60D22221242B98CF0094DA1F /* Moonshot.app */,
			);
			name = Products;
			sourceTree = "<group>";
		};
		60D22223242B98CF0094DA1F /* Moonshot */ = {
			isa = PBXGroup;
			children = (
				60D22224242B98CF0094DA1F /* AppDelegate.swift */,
				60D22226242B98CF0094DA1F /* SceneDelegate.swift */,
				60D22228242B98CF0094DA1F /* ContentView.swift */,
				8D144C9224F294820063C81D /* MissionView.swift */,
				8D144C9424F29DC30063C81D /* AstronautView.swift */,
				6059663C24339A6200D921EB /* Astronaut.swift */,
				6059664024339BCE00D921EB /* Mission.swift */,
				6059663E24339ABF00D921EB /* Bundle-Decodable.swift */,
				60D2222A242B98D20094DA1F /* Assets.xcassets */,
				60D2222F242B98D20094DA1F /* LaunchScreen.storyboard */,
				60D22232242B98D20094DA1F /* Info.plist */,
				60596638243399E800D921EB /* astronauts.json */,
				60596639243399E800D921EB /* missions.json */,
				60D2222C242B98D20094DA1F /* Preview Content */,
			);
			path = Moonshot;
			sourceTree = "<group>";
		};
		60D2222C242B98D20094DA1F /* Preview Content */ = {
			isa = PBXGroup;
			children = (
				60D2222D242B98D20094DA1F /* Preview Assets.xcassets */,
			);
			path = "Preview Content";
			sourceTree = "<group>";
		};
/* End PBXGroup section */

/* Begin PBXNativeTarget section */
		60D22220242B98CF0094DA1F /* Moonshot */ = {
			isa = PBXNativeTarget;
			buildConfigurationList = 60D22235242B98D20094DA1F /* Build configuration list for PBXNativeTarget "Moonshot" */;
			buildPhases = (
				60D2221D242B98CF0094DA1F /* Sources */,
				60D2221E242B98CF0094DA1F /* Frameworks */,
				60D2221F242B98CF0094DA1F /* Resources */,
			);
			buildRules = (
			);
			dependencies = (
			);
			name = Moonshot;
			productName = Moonshot;
			productReference = 60D22221242B98CF0094DA1F /* Moonshot.app */;
			productType = "com.apple.product-type.application";
		};
/* End PBXNativeTarget section */

/* Begin PBXProject section */
		60D22219242B98CF0094DA1F /* Project object */ = {
			isa = PBXProject;
			attributes = {
				LastSwiftUpdateCheck = 1130;
				LastUpgradeCheck = 1130;
				ORGANIZATIONNAME = utrpanic;
				TargetAttributes = {
					60D22220242B98CF0094DA1F = {
						CreatedOnToolsVersion = 11.3.1;
					};
				};
			};
			buildConfigurationList = 60D2221C242B98CF0094DA1F /* Build configuration list for PBXProject "Moonshot" */;
			compatibilityVersion = "Xcode 9.3";
			developmentRegion = en;
			hasScannedForEncodings = 0;
			knownRegions = (
				en,
				Base,
			);
			mainGroup = 60D22218242B98CF0094DA1F;
			productRefGroup = 60D22222242B98CF0094DA1F /* Products */;
			projectDirPath = "";
			projectRoot = "";
			targets = (
				60D22220242B98CF0094DA1F /* Moonshot */,
			);
		};
/* End PBXProject section */

/* Begin PBXResourcesBuildPhase section */
		60D2221F242B98CF0094DA1F /* Resources */ = {
			isa = PBXResourcesBuildPhase;
			buildActionMask = 2147483647;
			files = (
				60D22231242B98D20094DA1F /* LaunchScreen.storyboard in Resources */,
				6059663B243399E800D921EB /* missions.json in Resources */,
				60D2222E242B98D20094DA1F /* Preview Assets.xcassets in Resources */,
				60D2222B242B98D20094DA1F /* Assets.xcassets in Resources */,
				6059663A243399E800D921EB /* astronauts.json in Resources */,
			);
			runOnlyForDeploymentPostprocessing = 0;
		};
/* End PBXResourcesBuildPhase section */

/* Begin PBXSourcesBuildPhase section */
		60D2221D242B98CF0094DA1F /* Sources */ = {
			isa = PBXSourcesBuildPhase;
			buildActionMask = 2147483647;
			files = (
				8D144C9324F294820063C81D /* MissionView.swift in Sources */,
				6059664124339BCE00D921EB /* Mission.swift in Sources */,
				8D144C9524F29DC30063C81D /* AstronautView.swift in Sources */,
				60D22225242B98CF0094DA1F /* AppDelegate.swift in Sources */,
				60D22227242B98CF0094DA1F /* SceneDelegate.swift in Sources */,
				6059663F24339ABF00D921EB /* Bundle-Decodable.swift in Sources */,
				60D22229242B98CF0094DA1F /* ContentView.swift in Sources */,
				6059663D24339A6200D921EB /* Astronaut.swift in Sources */,
			);
			runOnlyForDeploymentPostprocessing = 0;
		};
/* End PBXSourcesBuildPhase section */

/* Begin PBXVariantGroup section */
		60D2222F242B98D20094DA1F /* LaunchScreen.storyboard */ = {
			isa = PBXVariantGroup;
			children = (
				60D22230242B98D20094DA1F /* Base */,
			);
			name = LaunchScreen.storyboard;
			sourceTree = "<group>";
		};
/* End PBXVariantGroup section */

/* Begin XCBuildConfiguration section */
		60D22233242B98D20094DA1F /* Debug */ = {
			isa = XCBuildConfiguration;
			buildSettings = {
				ALWAYS_SEARCH_USER_PATHS = NO;
				CLANG_ANALYZER_NONNULL = YES;
				CLANG_ANALYZER_NUMBER_OBJECT_CONVERSION = YES_AGGRESSIVE;
				CLANG_CXX_LANGUAGE_STANDARD = "gnu++14";
				CLANG_CXX_LIBRARY = "libc++";
				CLANG_ENABLE_MODULES = YES;
				CLANG_ENABLE_OBJC_ARC = YES;
				CLANG_ENABLE_OBJC_WEAK = YES;
				CLANG_WARN_BLOCK_CAPTURE_AUTORELEASING = YES;
				CLANG_WARN_BOOL_CONVERSION = YES;
				CLANG_WARN_COMMA = YES;
				CLANG_WARN_CONSTANT_CONVERSION = YES;
				CLANG_WARN_DEPRECATED_OBJC_IMPLEMENTATIONS = YES;
				CLANG_WARN_DIRECT_OBJC_ISA_USAGE = YES_ERROR;
				CLANG_WARN_DOCUMENTATION_COMMENTS = YES;
				CLANG_WARN_EMPTY_BODY = YES;
				CLANG_WARN_ENUM_CONVERSION = YES;
				CLANG_WARN_INFINITE_RECURSION = YES;
				CLANG_WARN_INT_CONVERSION = YES;
				CLANG_WARN_NON_LITERAL_NULL_CONVERSION = YES;
				CLANG_WARN_OBJC_IMPLICIT_RETAIN_SELF = YES;
				CLANG_WARN_OBJC_LITERAL_CONVERSION = YES;
				CLANG_WARN_OBJC_ROOT_CLASS = YES_ERROR;
				CLANG_WARN_RANGE_LOOP_ANALYSIS = YES;
				CLANG_WARN_STRICT_PROTOTYPES = YES;
				CLANG_WARN_SUSPICIOUS_MOVE = YES;
				CLANG_WARN_UNGUARDED_AVAILABILITY = YES_AGGRESSIVE;
				CLANG_WARN_UNREACHABLE_CODE = YES;
				CLANG_WARN__DUPLICATE_METHOD_MATCH = YES;
				COPY_PHASE_STRIP = NO;
				DEBUG_INFORMATION_FORMAT = dwarf;
				ENABLE_STRICT_OBJC_MSGSEND = YES;
				ENABLE_TESTABILITY = YES;
				GCC_C_LANGUAGE_STANDARD = gnu11;
				GCC_DYNAMIC_NO_PIC = NO;
				GCC_NO_COMMON_BLOCKS = YES;
				GCC_OPTIMIZATION_LEVEL = 0;
				GCC_PREPROCESSOR_DEFINITIONS = (
					"DEBUG=1",
					"$(inherited)",
				);
				GCC_WARN_64_TO_32_BIT_CONVERSION = YES;
				GCC_WARN_ABOUT_RETURN_TYPE = YES_ERROR;
				GCC_WARN_UNDECLARED_SELECTOR = YES;
				GCC_WARN_UNINITIALIZED_AUTOS = YES_AGGRESSIVE;
				GCC_WARN_UNUSED_FUNCTION = YES;
				GCC_WARN_UNUSED_VARIABLE = YES;
				IPHONEOS_DEPLOYMENT_TARGET = 13.2;
				MTL_ENABLE_DEBUG_INFO = INCLUDE_SOURCE;
				MTL_FAST_MATH = YES;
				ONLY_ACTIVE_ARCH = YES;
				SDKROOT = iphoneos;
				SWIFT_ACTIVE_COMPILATION_CONDITIONS = DEBUG;
				SWIFT_OPTIMIZATION_LEVEL = "-Onone";
			};
			name = Debug;
		};
		60D22234242B98D20094DA1F /* Release */ = {
			isa = XCBuildConfiguration;
			buildSettings = {
				ALWAYS_SEARCH_USER_PATHS = NO;
				CLANG_ANALYZER_NONNULL = YES;
				CLANG_ANALYZER_NUMBER_OBJECT_CONVERSION = YES_AGGRESSIVE;
				CLANG_CXX_LANGUAGE_STANDARD = "gnu++14";
				CLANG_CXX_LIBRARY = "libc++";
				CLANG_ENABLE_MODULES = YES;
				CLANG_ENABLE_OBJC_ARC = YES;
				CLANG_ENABLE_OBJC_WEAK = YES;
				CLANG_WARN_BLOCK_CAPTURE_AUTORELEASING = YES;
				CLANG_WARN_BOOL_CONVERSION = YES;
				CLANG_WARN_COMMA = YES;
				CLANG_WARN_CONSTANT_CONVERSION = YES;
				CLANG_WARN_DEPRECATED_OBJC_IMPLEMENTATIONS = YES;
				CLANG_WARN_DIRECT_OBJC_ISA_USAGE = YES_ERROR;
				CLANG_WARN_DOCUMENTATION_COMMENTS = YES;
				CLANG_WARN_EMPTY_BODY = YES;
				CLANG_WARN_ENUM_CONVERSION = YES;
				CLANG_WARN_INFINITE_RECURSION = YES;
				CLANG_WARN_INT_CONVERSION = YES;
				CLANG_WARN_NON_LITERAL_NULL_CONVERSION = YES;
				CLANG_WARN_OBJC_IMPLICIT_RETAIN_SELF = YES;
				CLANG_WARN_OBJC_LITERAL_CONVERSION = YES;
				CLANG_WARN_OBJC_ROOT_CLASS = YES_ERROR;
				CLANG_WARN_RANGE_LOOP_ANALYSIS = YES;
				CLANG_WARN_STRICT_PROTOTYPES = YES;
				CLANG_WARN_SUSPICIOUS_MOVE = YES;
				CLANG_WARN_UNGUARDED_AVAILABILITY = YES_AGGRESSIVE;
				CLANG_WARN_UNREACHABLE_CODE = YES;
				CLANG_WARN__DUPLICATE_METHOD_MATCH = YES;
				COPY_PHASE_STRIP = NO;
				DEBUG_INFORMATION_FORMAT = "dwarf-with-dsym";
				ENABLE_NS_ASSERTIONS = NO;
				ENABLE_STRICT_OBJC_MSGSEND = YES;
				GCC_C_LANGUAGE_STANDARD = gnu11;
				GCC_NO_COMMON_BLOCKS = YES;
				GCC_WARN_64_TO_32_BIT_CONVERSION = YES;
				GCC_WARN_ABOUT_RETURN_TYPE = YES_ERROR;
				GCC_WARN_UNDECLARED_SELECTOR = YES;
				GCC_WARN_UNINITIALIZED_AUTOS = YES_AGGRESSIVE;
				GCC_WARN_UNUSED_FUNCTION = YES;
				GCC_WARN_UNUSED_VARIABLE = YES;
				IPHONEOS_DEPLOYMENT_TARGET = 13.2;
				MTL_ENABLE_DEBUG_INFO = NO;
				MTL_FAST_MATH = YES;
				SDKROOT = iphoneos;
				SWIFT_COMPILATION_MODE = wholemodule;
				SWIFT_OPTIMIZATION_LEVEL = "-O";
				VALIDATE_PRODUCT = YES;
			};
			name = Release;
		};
		60D22236242B98D20094DA1F /* Debug */ = {
			isa = XCBuildConfiguration;
			buildSettings = {
				ASSETCATALOG_COMPILER_APPICON_NAME = AppIcon;
				CODE_SIGN_STYLE = Automatic;
				DEVELOPMENT_ASSET_PATHS = "\"Moonshot/Preview Content\"";
				ENABLE_PREVIEWS = YES;
				INFOPLIST_FILE = Moonshot/Info.plist;
				LD_RUNPATH_SEARCH_PATHS = (
					"$(inherited)",
					"@executable_path/Frameworks",
				);
				PRODUCT_BUNDLE_IDENTIFIER = dev.utrpanic.Moonshot;
				PRODUCT_NAME = "$(TARGET_NAME)";
				SWIFT_VERSION = 5.0;
				TARGETED_DEVICE_FAMILY = "1,2";
			};
			name = Debug;
		};
		60D22237242B98D20094DA1F /* Release */ = {
			isa = XCBuildConfiguration;
			buildSettings = {
				ASSETCATALOG_COMPILER_APPICON_NAME = AppIcon;
				CODE_SIGN_STYLE = Automatic;
				DEVELOPMENT_ASSET_PATHS = "\"Moonshot/Preview Content\"";
				ENABLE_PREVIEWS = YES;
				INFOPLIST_FILE = Moonshot/Info.plist;
				LD_RUNPATH_SEARCH_PATHS = (
					"$(inherited)",
					"@executable_path/Frameworks",
				);
				PRODUCT_BUNDLE_IDENTIFIER = dev.utrpanic.Moonshot;
				PRODUCT_NAME = "$(TARGET_NAME)";
				SWIFT_VERSION = 5.0;
				TARGETED_DEVICE_FAMILY = "1,2";
			};
			name = Release;
		};
/* End XCBuildConfiguration section */

/* Begin XCConfigurationList section */
		60D2221C242B98CF0094DA1F /* Build configuration list for PBXProject "Moonshot" */ = {
			isa = XCConfigurationList;
			buildConfigurations = (
				60D22233242B98D20094DA1F /* Debug */,
				60D22234242B98D20094DA1F /* Release */,
			);
			defaultConfigurationIsVisible = 0;
			defaultConfigurationName = Release;
		};
		60D22235242B98D20094DA1F /* Build configuration list for PBXNativeTarget "Moonshot" */ = {
			isa = XCConfigurationList;
			buildConfigurations = (
				60D22236242B98D20094DA1F /* Debug */,
				60D22237242B98D20094DA1F /* Release */,
			);
			defaultConfigurationIsVisible = 0;
			defaultConfigurationName = Release;
		};
/* End XCConfigurationList section */
	};
	rootObject = 60D22219242B98CF0094DA1F /* Project object */;
}
