// !$*UTF8*$!
{
	archiveVersion = 1;
	classes = {
	};
	objectVersion = 48;
	objects = {

/* Begin PBXBuildFile section */
		07BA495B2003C0A200966525 /* main.swift in Sources */ = {isa = PBXBuildFile; fileRef = 07BA495A2003C0A200966525 /* main.swift */; };
		07FB4F9D2003C0DE00EC1BB8 /* ComparisonCompactorTest.swift in Sources */ = {isa = PBXBuildFile; fileRef = 07FB4F9C2003C0DE00EC1BB8 /* ComparisonCompactorTest.swift */; };
		07FB4FA62003C2F900EC1BB8 /* main.swift in Sources */ = {isa = PBXBuildFile; fileRef = 07BA495A2003C0A200966525 /* main.swift */; };
/* End PBXBuildFile section */

/* Begin PBXCopyFilesBuildPhase section */
		07BA49552003C0A200966525 /* CopyFiles */ = {
			isa = PBXCopyFilesBuildPhase;
			buildActionMask = 2147483647;
			dstPath = /usr/share/man/man1/;
			dstSubfolderSpec = 0;
			files = (
			);
			runOnlyForDeploymentPostprocessing = 1;
		};
/* End PBXCopyFilesBuildPhase section */

/* Begin PBXFileReference section */
		07BA49572003C0A200966525 /* ComparisonCompactor */ = {isa = PBXFileReference; explicitFileType = "compiled.mach-o.executable"; includeInIndex = 0; path = ComparisonCompactor; sourceTree = BUILT_PRODUCTS_DIR; };
		07BA495A2003C0A200966525 /* main.swift */ = {isa = PBXFileReference; lastKnownFileType = sourcecode.swift; path = main.swift; sourceTree = "<group>"; };
		07FB4F9A2003C0DE00EC1BB8 /* ComparisonCompactorTest.xctest */ = {isa = PBXFileReference; explicitFileType = wrapper.cfbundle; includeInIndex = 0; path = ComparisonCompactorTest.xctest; sourceTree = BUILT_PRODUCTS_DIR; };
		07FB4F9C2003C0DE00EC1BB8 /* ComparisonCompactorTest.swift */ = {isa = PBXFileReference; lastKnownFileType = sourcecode.swift; path = ComparisonCompactorTest.swift; sourceTree = "<group>"; };
		07FB4F9E2003C0DE00EC1BB8 /* Info.plist */ = {isa = PBXFileReference; lastKnownFileType = text.plist.xml; path = Info.plist; sourceTree = "<group>"; };
/* End PBXFileReference section */

/* Begin PBXFrameworksBuildPhase section */
		07BA49542003C0A200966525 /* Frameworks */ = {
			isa = PBXFrameworksBuildPhase;
			buildActionMask = 2147483647;
			files = (
			);
			runOnlyForDeploymentPostprocessing = 0;
		};
		07FB4F972003C0DE00EC1BB8 /* Frameworks */ = {
			isa = PBXFrameworksBuildPhase;
			buildActionMask = 2147483647;
			files = (
			);
			runOnlyForDeploymentPostprocessing = 0;
		};
/* End PBXFrameworksBuildPhase section */

/* Begin PBXGroup section */
		07BA494E2003C0A200966525 = {
			isa = PBXGroup;
			children = (
				07BA49592003C0A200966525 /* ComparisonCompactor */,
				07FB4F9B2003C0DE00EC1BB8 /* ComparisonCompactorTest */,
				07BA49582003C0A200966525 /* Products */,
			);
			sourceTree = "<group>";
		};
		07BA49582003C0A200966525 /* Products */ = {
			isa = PBXGroup;
			children = (
				07BA49572003C0A200966525 /* ComparisonCompactor */,
				07FB4F9A2003C0DE00EC1BB8 /* ComparisonCompactorTest.xctest */,
			);
			name = Products;
			sourceTree = "<group>";
		};
		07BA49592003C0A200966525 /* ComparisonCompactor */ = {
			isa = PBXGroup;
			children = (
				07BA495A2003C0A200966525 /* main.swift */,
			);
			path = ComparisonCompactor;
			sourceTree = "<group>";
		};
		07FB4F9B2003C0DE00EC1BB8 /* ComparisonCompactorTest */ = {
			isa = PBXGroup;
			children = (
				07FB4F9C2003C0DE00EC1BB8 /* ComparisonCompactorTest.swift */,
				07FB4F9E2003C0DE00EC1BB8 /* Info.plist */,
			);
			path = ComparisonCompactorTest;
			sourceTree = "<group>";
		};
/* End PBXGroup section */

/* Begin PBXNativeTarget section */
		07BA49562003C0A200966525 /* ComparisonCompactor */ = {
			isa = PBXNativeTarget;
			buildConfigurationList = 07BA495E2003C0A200966525 /* Build configuration list for PBXNativeTarget "ComparisonCompactor" */;
			buildPhases = (
				07BA49532003C0A200966525 /* Sources */,
				07BA49542003C0A200966525 /* Frameworks */,
				07BA49552003C0A200966525 /* CopyFiles */,
			);
			buildRules = (
			);
			dependencies = (
			);
			name = ComparisonCompactor;
			productName = ComparisonCompactor;
			productReference = 07BA49572003C0A200966525 /* ComparisonCompactor */;
			productType = "com.apple.product-type.tool";
		};
		07FB4F992003C0DE00EC1BB8 /* ComparisonCompactorTest */ = {
			isa = PBXNativeTarget;
			buildConfigurationList = 07FB4FA12003C0DE00EC1BB8 /* Build configuration list for PBXNativeTarget "ComparisonCompactorTest" */;
			buildPhases = (
				07FB4F962003C0DE00EC1BB8 /* Sources */,
				07FB4F972003C0DE00EC1BB8 /* Frameworks */,
				07FB4F982003C0DE00EC1BB8 /* Resources */,
			);
			buildRules = (
			);
			dependencies = (
			);
			name = ComparisonCompactorTest;
			productName = ComparisonCompactorTest;
			productReference = 07FB4F9A2003C0DE00EC1BB8 /* ComparisonCompactorTest.xctest */;
			productType = "com.apple.product-type.bundle.unit-test";
		};
/* End PBXNativeTarget section */

/* Begin PBXProject section */
		07BA494F2003C0A200966525 /* Project object */ = {
			isa = PBXProject;
			attributes = {
				LastSwiftUpdateCheck = 0920;
				LastUpgradeCheck = 0920;
				ORGANIZATIONNAME = boxjeon;
				TargetAttributes = {
					07BA49562003C0A200966525 = {
						CreatedOnToolsVersion = 9.2;
						ProvisioningStyle = Automatic;
					};
					07FB4F992003C0DE00EC1BB8 = {
						CreatedOnToolsVersion = 9.2;
						ProvisioningStyle = Automatic;
					};
				};
			};
			buildConfigurationList = 07BA49522003C0A200966525 /* Build configuration list for PBXProject "ComparisonCompactor" */;
			compatibilityVersion = "Xcode 8.0";
			developmentRegion = en;
			hasScannedForEncodings = 0;
			knownRegions = (
				en,
			);
			mainGroup = 07BA494E2003C0A200966525;
			productRefGroup = 07BA49582003C0A200966525 /* Products */;
			projectDirPath = "";
			projectRoot = "";
			targets = (
				07BA49562003C0A200966525 /* ComparisonCompactor */,
				07FB4F992003C0DE00EC1BB8 /* ComparisonCompactorTest */,
			);
		};
/* End PBXProject section */

/* Begin PBXResourcesBuildPhase section */
		07FB4F982003C0DE00EC1BB8 /* Resources */ = {
			isa = PBXResourcesBuildPhase;
			buildActionMask = 2147483647;
			files = (
			);
			runOnlyForDeploymentPostprocessing = 0;
		};
/* End PBXResourcesBuildPhase section */

/* Begin PBXSourcesBuildPhase section */
		07BA49532003C0A200966525 /* Sources */ = {
			isa = PBXSourcesBuildPhase;
			buildActionMask = 2147483647;
			files = (
				07BA495B2003C0A200966525 /* main.swift in Sources */,
			);
			runOnlyForDeploymentPostprocessing = 0;
		};
		07FB4F962003C0DE00EC1BB8 /* Sources */ = {
			isa = PBXSourcesBuildPhase;
			buildActionMask = 2147483647;
			files = (
				07FB4FA62003C2F900EC1BB8 /* main.swift in Sources */,
				07FB4F9D2003C0DE00EC1BB8 /* ComparisonCompactorTest.swift in Sources */,
			);
			runOnlyForDeploymentPostprocessing = 0;
		};
/* End PBXSourcesBuildPhase section */

/* Begin XCBuildConfiguration section */
		07BA495C2003C0A200966525 /* Debug */ = {
			isa = XCBuildConfiguration;
			buildSettings = {
				ALWAYS_SEARCH_USER_PATHS = NO;
				CLANG_ANALYZER_NONNULL = YES;
				CLANG_ANALYZER_NUMBER_OBJECT_CONVERSION = YES_AGGRESSIVE;
				CLANG_CXX_LANGUAGE_STANDARD = "gnu++14";
				CLANG_CXX_LIBRARY = "libc++";
				CLANG_ENABLE_MODULES = YES;
				CLANG_ENABLE_OBJC_ARC = YES;
				CLANG_WARN_BLOCK_CAPTURE_AUTORELEASING = YES;
				CLANG_WARN_BOOL_CONVERSION = YES;
				CLANG_WARN_COMMA = YES;
				CLANG_WARN_CONSTANT_CONVERSION = YES;
				CLANG_WARN_DIRECT_OBJC_ISA_USAGE = YES_ERROR;
				CLANG_WARN_DOCUMENTATION_COMMENTS = YES;
				CLANG_WARN_EMPTY_BODY = YES;
				CLANG_WARN_ENUM_CONVERSION = YES;
				CLANG_WARN_INFINITE_RECURSION = YES;
				CLANG_WARN_INT_CONVERSION = YES;
				CLANG_WARN_NON_LITERAL_NULL_CONVERSION = YES;
				CLANG_WARN_OBJC_LITERAL_CONVERSION = YES;
				CLANG_WARN_OBJC_ROOT_CLASS = YES_ERROR;
				CLANG_WARN_RANGE_LOOP_ANALYSIS = YES;
				CLANG_WARN_STRICT_PROTOTYPES = YES;
				CLANG_WARN_SUSPICIOUS_MOVE = YES;
				CLANG_WARN_UNGUARDED_AVAILABILITY = YES_AGGRESSIVE;
				CLANG_WARN_UNREACHABLE_CODE = YES;
				CLANG_WARN__DUPLICATE_METHOD_MATCH = YES;
				CODE_SIGN_IDENTITY = "Mac Developer";
				COPY_PHASE_STRIP = NO;
				DEBUG_INFORMATION_FORMAT = dwarf;
				ENABLE_STRICT_OBJC_MSGSEND = YES;
				ENABLE_TESTABILITY = YES;
				GCC_C_LANGUAGE_STANDARD = gnu11;
				GCC_DYNAMIC_NO_PIC = NO;
				GCC_NO_COMMON_BLOCKS = YES;
				GCC_OPTIMIZATION_LEVEL = 0;
				GCC_PREPROCESSOR_DEFINITIONS = (
					"DEBUG=1",
					"$(inherited)",
				);
				GCC_WARN_64_TO_32_BIT_CONVERSION = YES;
				GCC_WARN_ABOUT_RETURN_TYPE = YES_ERROR;
				GCC_WARN_UNDECLARED_SELECTOR = YES;
				GCC_WARN_UNINITIALIZED_AUTOS = YES_AGGRESSIVE;
				GCC_WARN_UNUSED_FUNCTION = YES;
				GCC_WARN_UNUSED_VARIABLE = YES;
				MACOSX_DEPLOYMENT_TARGET = 10.13;
				MTL_ENABLE_DEBUG_INFO = YES;
				ONLY_ACTIVE_ARCH = YES;
				SDKROOT = macosx;
				SWIFT_ACTIVE_COMPILATION_CONDITIONS = DEBUG;
				SWIFT_OPTIMIZATION_LEVEL = "-Onone";
			};
			name = Debug;
		};
		07BA495D2003C0A200966525 /* Release */ = {
			isa = XCBuildConfiguration;
			buildSettings = {
				ALWAYS_SEARCH_USER_PATHS = NO;
				CLANG_ANALYZER_NONNULL = YES;
				CLANG_ANALYZER_NUMBER_OBJECT_CONVERSION = YES_AGGRESSIVE;
				CLANG_CXX_LANGUAGE_STANDARD = "gnu++14";
				CLANG_CXX_LIBRARY = "libc++";
				CLANG_ENABLE_MODULES = YES;
				CLANG_ENABLE_OBJC_ARC = YES;
				CLANG_WARN_BLOCK_CAPTURE_AUTORELEASING = YES;
				CLANG_WARN_BOOL_CONVERSION = YES;
				CLANG_WARN_COMMA = YES;
				CLANG_WARN_CONSTANT_CONVERSION = YES;
				CLANG_WARN_DIRECT_OBJC_ISA_USAGE = YES_ERROR;
				CLANG_WARN_DOCUMENTATION_COMMENTS = YES;
				CLANG_WARN_EMPTY_BODY = YES;
				CLANG_WARN_ENUM_CONVERSION = YES;
				CLANG_WARN_INFINITE_RECURSION = YES;
				CLANG_WARN_INT_CONVERSION = YES;
				CLANG_WARN_NON_LITERAL_NULL_CONVERSION = YES;
				CLANG_WARN_OBJC_LITERAL_CONVERSION = YES;
				CLANG_WARN_OBJC_ROOT_CLASS = YES_ERROR;
				CLANG_WARN_RANGE_LOOP_ANALYSIS = YES;
				CLANG_WARN_STRICT_PROTOTYPES = YES;
				CLANG_WARN_SUSPICIOUS_MOVE = YES;
				CLANG_WARN_UNGUARDED_AVAILABILITY = YES_AGGRESSIVE;
				CLANG_WARN_UNREACHABLE_CODE = YES;
				CLANG_WARN__DUPLICATE_METHOD_MATCH = YES;
				CODE_SIGN_IDENTITY = "Mac Developer";
				COPY_PHASE_STRIP = NO;
				DEBUG_INFORMATION_FORMAT = "dwarf-with-dsym";
				ENABLE_NS_ASSERTIONS = NO;
				ENABLE_STRICT_OBJC_MSGSEND = YES;
				GCC_C_LANGUAGE_STANDARD = gnu11;
				GCC_NO_COMMON_BLOCKS = YES;
				GCC_WARN_64_TO_32_BIT_CONVERSION = YES;
				GCC_WARN_ABOUT_RETURN_TYPE = YES_ERROR;
				GCC_WARN_UNDECLARED_SELECTOR = YES;
				GCC_WARN_UNINITIALIZED_AUTOS = YES_AGGRESSIVE;
				GCC_WARN_UNUSED_FUNCTION = YES;
				GCC_WARN_UNUSED_VARIABLE = YES;
				MACOSX_DEPLOYMENT_TARGET = 10.13;
				MTL_ENABLE_DEBUG_INFO = NO;
				SDKROOT = macosx;
				SWIFT_OPTIMIZATION_LEVEL = "-Owholemodule";
			};
			name = Release;
		};
		07BA495F2003C0A200966525 /* Debug */ = {
			isa = XCBuildConfiguration;
			buildSettings = {
				CODE_SIGN_STYLE = Automatic;
				DEVELOPMENT_TEAM = L94QTT73WH;
				PRODUCT_NAME = "$(TARGET_NAME)";
				SWIFT_VERSION = 4.0;
			};
			name = Debug;
		};
		07BA49602003C0A200966525 /* Release */ = {
			isa = XCBuildConfiguration;
			buildSettings = {
				CODE_SIGN_STYLE = Automatic;
				DEVELOPMENT_TEAM = L94QTT73WH;
				PRODUCT_NAME = "$(TARGET_NAME)";
				SWIFT_VERSION = 4.0;
			};
			name = Release;
		};
		07FB4F9F2003C0DE00EC1BB8 /* Debug */ = {
			isa = XCBuildConfiguration;
			buildSettings = {
				CODE_SIGN_STYLE = Automatic;
				COMBINE_HIDPI_IMAGES = YES;
				DEVELOPMENT_TEAM = L94QTT73WH;
				INFOPLIST_FILE = ComparisonCompactorTest/Info.plist;
				LD_RUNPATH_SEARCH_PATHS = "$(inherited) @executable_path/../Frameworks @loader_path/../Frameworks";
				PRODUCT_BUNDLE_IDENTIFIER = com.boxjeon.macos.ComparisonCompactorTest;
				PRODUCT_NAME = "$(TARGET_NAME)";
				SWIFT_VERSION = 4.0;
			};
			name = Debug;
		};
		07FB4FA02003C0DE00EC1BB8 /* Release */ = {
			isa = XCBuildConfiguration;
			buildSettings = {
				CODE_SIGN_STYLE = Automatic;
				COMBINE_HIDPI_IMAGES = YES;
				DEVELOPMENT_TEAM = L94QTT73WH;
				INFOPLIST_FILE = ComparisonCompactorTest/Info.plist;
				LD_RUNPATH_SEARCH_PATHS = "$(inherited) @executable_path/../Frameworks @loader_path/../Frameworks";
				PRODUCT_BUNDLE_IDENTIFIER = com.boxjeon.macos.ComparisonCompactorTest;
				PRODUCT_NAME = "$(TARGET_NAME)";
				SWIFT_VERSION = 4.0;
			};
			name = Release;
		};
/* End XCBuildConfiguration section */

/* Begin XCConfigurationList section */
		07BA49522003C0A200966525 /* Build configuration list for PBXProject "ComparisonCompactor" */ = {
			isa = XCConfigurationList;
			buildConfigurations = (
				07BA495C2003C0A200966525 /* Debug */,
				07BA495D2003C0A200966525 /* Release */,
			);
			defaultConfigurationIsVisible = 0;
			defaultConfigurationName = Release;
		};
		07BA495E2003C0A200966525 /* Build configuration list for PBXNativeTarget "ComparisonCompactor" */ = {
			isa = XCConfigurationList;
			buildConfigurations = (
				07BA495F2003C0A200966525 /* Debug */,
				07BA49602003C0A200966525 /* Release */,
			);
			defaultConfigurationIsVisible = 0;
			defaultConfigurationName = Release;
		};
		07FB4FA12003C0DE00EC1BB8 /* Build configuration list for PBXNativeTarget "ComparisonCompactorTest" */ = {
			isa = XCConfigurationList;
			buildConfigurations = (
				07FB4F9F2003C0DE00EC1BB8 /* Debug */,
				07FB4FA02003C0DE00EC1BB8 /* Release */,
			);
			defaultConfigurationIsVisible = 0;
			defaultConfigurationName = Release;
		};
/* End XCConfigurationList section */
	};
	rootObject = 07BA494F2003C0A200966525 /* Project object */;
}
